
Microsoft Visual Studio Solution File, Format Version 12.00
# Visual Studio Version 17
VisualStudioVersion = 17.11.35303.130
MinimumVisualStudioVersion = 10.0.40219.1
Project("{FAE04EC0-301F-11D3-BF4B-00C04F79EFBC}") = "MaschineCalculator", "MaschineCalculator.csproj", "{A72CD966-1EBA-4EC2-8C15-19C2CF0E9D55}"
EndProject
Global
	GlobalSection(SolutionConfigurationPlatforms) = preSolution
		Debug|Any CPU = Debug|Any CPU
		Release|Any CPU = Release|Any CPU
	EndGlobalSection
	GlobalSection(ProjectConfigurationPlatforms) = postSolution
		{A72CD966-1EBA-4EC2-8C15-19C2CF0E9D55}.Debug|Any CPU.ActiveCfg = Debug|Any CPU
		{A72CD966-1EBA-4EC2-8C15-19C2CF0E9D55}.Debug|Any CPU.Build.0 = Debug|Any CPU
		{A72CD966-1EBA-4EC2-8C15-19C2CF0E9D55}.Release|Any CPU.ActiveCfg = Release|Any CPU
		{A72CD966-1EBA-4EC2-8C15-19C2CF0E9D55}.Release|Any CPU.Build.0 = Release|Any CPU
	EndGlobalSection
	GlobalSection(SolutionProperties) = preSolution
		HideSolutionNode = FALSE
	EndGlobalSection
	GlobalSection(ExtensibilityGlobals) = postSolution
		SolutionGuid = {EDEA8DC0-DC96-4379-9989-EBC3F301156A}
	EndGlobalSection
EndGlobal
